
Microsoft Visual Studio Solution File, Format Version 12.00
# Visual Studio Version 16
VisualStudioVersion = 16.0.29613.14
MinimumVisualStudioVersion = 10.0.40219.1
Project("{FAE04EC0-301F-11D3-BF4B-00C04F79EFBC}") = "MediaInfoExtension", "MediaInfoExtension\MediaInfoExtension.csproj", "{0F960B98-6701-4427-B2D9-DB0E25A42D6F}"
EndProject
Global
	GlobalSection(SolutionConfigurationPlatforms) = preSolution
		Debug|Any CPU = Debug|Any CPU
		Release|Any CPU = Release|Any CPU
	EndGlobalSection
	GlobalSection(ProjectConfigurationPlatforms) = postSolution
		{0F960B98-6701-4427-B2D9-DB0E25A42D6F}.Debug|Any CPU.ActiveCfg = Debug|Any CPU
		{0F960B98-6701-4427-B2D9-DB0E25A42D6F}.Debug|Any CPU.Build.0 = Debug|Any CPU
		{0F960B98-6701-4427-B2D9-DB0E25A42D6F}.Release|Any CPU.ActiveCfg = Release|Any CPU
		{0F960B98-6701-4427-B2D9-DB0E25A42D6F}.Release|Any CPU.Build.0 = Release|Any CPU
	EndGlobalSection
	GlobalSection(SolutionProperties) = preSolution
		HideSolutionNode = FALSE
	EndGlobalSection
	GlobalSection(ExtensibilityGlobals) = postSolution
		SolutionGuid = {86B43E35-B0A1-44C7-8BB6-C1BC2F8226FA}
	EndGlobalSection
EndGlobal
